<?xml version="1.0" encoding="utf-8"?>
<Project ToolsVersion="4.0" xmlns="http://schemas.microsoft.com/developer/msbuild/2003">
  <ItemGroup>
    <Filter Include="core">
      <UniqueIdentifier>{e2c5ac8a-74ca-47c6-96f8-d7ea87f0ae35}</UniqueIdentifier>
    </Filter>
    <Filter Include="interface">
      <UniqueIdentifier>{9cc306d0-68cb-4d50-8ebd-c32970e60894}</UniqueIdentifier>
    </Filter>
    <Filter Include="internal">
      <UniqueIdentifier>{a0dcc251-fb9a-4a34-8998-2678bd01713b}</UniqueIdentifier>
    </Filter>
  </ItemGroup>
  <ItemGroup>
    <ClInclude Include="..\core\assertions.hpp">
      <Filter>core</Filter>
    </ClInclude>
    <ClInclude Include="..\core\features.hpp">
      <Filter>core</Filter>
    </ClInclude>
    <ClInclude Include="..\core\json_tool.hpp">
      <Filter>core</Filter>
    </ClInclude>
    <ClInclude Include="..\core\path.hpp">
      <Filter>core</Filter>
    </ClInclude>
    <ClInclude Include="..\core\reader.hpp">
      <Filter>core</Filter>
    </ClInclude>
    <ClInclude Include="..\core\value.hpp">
      <Filter>core</Filter>
    </ClInclude>
    <ClInclude Include="..\core\value_iterator.hpp">
      <Filter>core</Filter>
    </ClInclude>
    <ClInclude Include="..\core\writer.hpp">
      <Filter>core</Filter>
    </ClInclude>
    <ClInclude Include="..\interface\config.hpp">
      <Filter>interface</Filter>
    </ClInclude>
    <ClInclude Include="..\interface\version.hpp">
      <Filter>interface</Filter>
    </ClInclude>
    <ClInclude Include="..\internal\stdafx.h">
      <Filter>internal</Filter>
    </ClInclude>
    <ClInclude Include="..\internal\targetver.h">
      <Filter>internal</Filter>
    </ClInclude>
  </ItemGroup>
  <ItemGroup>
    <ClCompile Include="..\core\json_reader.cpp">
      <Filter>core</Filter>
    </ClCompile>
    <ClCompile Include="..\core\json_value.cpp">
      <Filter>core</Filter>
    </ClCompile>
    <ClCompile Include="..\core\json_writer.cpp">
      <Filter>core</Filter>
    </ClCompile>
    <ClCompile Include="..\core\path.cpp">
      <Filter>core</Filter>
    </ClCompile>
    <ClCompile Include="..\core\value_iterator.cpp">
      <Filter>core</Filter>
    </ClCompile>
    <ClCompile Include="..\internal\stdafx.cpp">
      <Filter>internal</Filter>
    </ClCompile>
  </ItemGroup>
</Project>