<?xml version="1.0" encoding="utf-8"?>
<Project ToolsVersion="4.0" xmlns="http://schemas.microsoft.com/developer/msbuild/2003">
  <ItemGroup>
    <Filter Include="internal">
      <UniqueIdentifier>{4FC737F1-C7A5-4376-A066-2A32D752A2FF}</UniqueIdentifier>
      <Extensions>cpp;c;cc;cxx;def;odl;idl;hpj;bat;asm;asmx</Extensions>
    </Filter>
    <Filter Include="core">
      <UniqueIdentifier>{92928529-3731-4811-a47e-95b3f3a63513}</UniqueIdentifier>
    </Filter>
    <Filter Include="core\Helper">
      <UniqueIdentifier>{70709c9a-91e6-43da-9fec-2145e8d14255}</UniqueIdentifier>
    </Filter>
    <Filter Include="io">
      <UniqueIdentifier>{b2985218-34a1-41c9-8682-5d38a655c8b7}</UniqueIdentifier>
    </Filter>
    <Filter Include="io\Helper">
      <UniqueIdentifier>{4689027c-91cf-4942-a9da-2ac609d9145a}</UniqueIdentifier>
    </Filter>
    <Filter Include="pattern">
      <UniqueIdentifier>{cd4962fc-5bd2-4c64-a82f-b6d989ff6be0}</UniqueIdentifier>
    </Filter>
    <Filter Include="text">
      <UniqueIdentifier>{75ee91fc-710b-4d7e-bd45-8223d6fa7266}</UniqueIdentifier>
    </Filter>
    <Filter Include="text\Helper">
      <UniqueIdentifier>{837adca3-db96-45c9-b7a0-ceb5e427146d}</UniqueIdentifier>
    </Filter>
    <Filter Include="data">
      <UniqueIdentifier>{3fbad783-0cd6-46b5-9a74-75dcde64e13e}</UniqueIdentifier>
    </Filter>
  </ItemGroup>
  <ItemGroup>
    <None Include="..\internal\export.def">
      <Filter>internal</Filter>
    </None>
  </ItemGroup>
  <ItemGroup>
    <ClCompile Include="..\internal\stdafx.cpp">
      <Filter>internal</Filter>
    </ClCompile>
    <ClCompile Include="..\Core\Char.cpp">
      <Filter>core</Filter>
    </ClCompile>
    <ClCompile Include="..\Core\Console.cpp">
      <Filter>core</Filter>
    </ClCompile>
    <ClCompile Include="..\Core\Convert.cpp">
      <Filter>core</Filter>
    </ClCompile>
    <ClCompile Include="..\Core\DateTime.cpp">
      <Filter>core</Filter>
    </ClCompile>
    <ClCompile Include="..\Core\Environment.cpp">
      <Filter>core</Filter>
    </ClCompile>
    <ClCompile Include="..\Core\String.cpp">
      <Filter>core</Filter>
    </ClCompile>
    <ClCompile Include="..\Core\TimeSpan.cpp">
      <Filter>core</Filter>
    </ClCompile>
    <ClCompile Include="..\Core\Helper\Com.cpp">
      <Filter>core\Helper</Filter>
    </ClCompile>
    <ClCompile Include="..\Core\Helper\StringHelper.cpp">
      <Filter>core\Helper</Filter>
    </ClCompile>
    <ClCompile Include="..\IO\Debuger.cpp">
      <Filter>io</Filter>
    </ClCompile>
    <ClCompile Include="..\IO\Directory.cpp">
      <Filter>io</Filter>
    </ClCompile>
    <ClCompile Include="..\IO\File.cpp">
      <Filter>io</Filter>
    </ClCompile>
    <ClCompile Include="..\IO\Path.cpp">
      <Filter>io</Filter>
    </ClCompile>
    <ClCompile Include="..\IO\TextLog.cpp">
      <Filter>io</Filter>
    </ClCompile>
    <ClCompile Include="..\IO\TimeLog.cpp">
      <Filter>io</Filter>
    </ClCompile>
    <ClCompile Include="..\IO\Helper\LogHelper.cpp">
      <Filter>io\Helper</Filter>
    </ClCompile>
    <ClCompile Include="..\Pattern\IError.cpp">
      <Filter>pattern</Filter>
    </ClCompile>
    <ClCompile Include="..\Pattern\Reflect.cpp">
      <Filter>pattern</Filter>
    </ClCompile>
    <ClCompile Include="..\Text\StringBuilder.cpp">
      <Filter>text</Filter>
    </ClCompile>
    <ClCompile Include="..\Text\Helper\StringBuilderHelper.cpp">
      <Filter>text\Helper</Filter>
    </ClCompile>
    <ClCompile Include="..\Data\Memory.cpp">
      <Filter>data</Filter>
    </ClCompile>
  </ItemGroup>
  <ItemGroup>
    <ClInclude Include="..\internal\stdafx.h">
      <Filter>internal</Filter>
    </ClInclude>
    <ClInclude Include="..\internal\targetver.h">
      <Filter>internal</Filter>
    </ClInclude>
    <ClInclude Include="..\Core\Char.hpp">
      <Filter>core</Filter>
    </ClInclude>
    <ClInclude Include="..\Core\Com.hpp">
      <Filter>core</Filter>
    </ClInclude>
    <ClInclude Include="..\Core\Console.hpp">
      <Filter>core</Filter>
    </ClInclude>
    <ClInclude Include="..\Core\Convert.hpp">
      <Filter>core</Filter>
    </ClInclude>
    <ClInclude Include="..\Core\DateTime.hpp">
      <Filter>core</Filter>
    </ClInclude>
    <ClInclude Include="..\Core\Environment.hpp">
      <Filter>core</Filter>
    </ClInclude>
    <ClInclude Include="..\Core\String.hpp">
      <Filter>core</Filter>
    </ClInclude>
    <ClInclude Include="..\Core\TimeSpan.hpp">
      <Filter>core</Filter>
    </ClInclude>
    <ClInclude Include="..\Core\Helper\CoreTypes.hpp">
      <Filter>core\Helper</Filter>
    </ClInclude>
    <ClInclude Include="..\Core\Helper\StringHelper.hpp">
      <Filter>core\Helper</Filter>
    </ClInclude>
    <ClInclude Include="..\IO\Debuger.hpp">
      <Filter>io</Filter>
    </ClInclude>
    <ClInclude Include="..\IO\Directory.hpp">
      <Filter>io</Filter>
    </ClInclude>
    <ClInclude Include="..\IO\File.hpp">
      <Filter>io</Filter>
    </ClInclude>
    <ClInclude Include="..\IO\Path.hpp">
      <Filter>io</Filter>
    </ClInclude>
    <ClInclude Include="..\IO\TextLog.hpp">
      <Filter>io</Filter>
    </ClInclude>
    <ClInclude Include="..\IO\TimeLog.hpp">
      <Filter>io</Filter>
    </ClInclude>
    <ClInclude Include="..\IO\Helper\IOTypes.hpp">
      <Filter>io\Helper</Filter>
    </ClInclude>
    <ClInclude Include="..\IO\Helper\LogHelper.hpp">
      <Filter>io\Helper</Filter>
    </ClInclude>
    <ClInclude Include="..\Pattern\IError.hpp">
      <Filter>pattern</Filter>
    </ClInclude>
    <ClInclude Include="..\Pattern\ILock.hpp">
      <Filter>pattern</Filter>
    </ClInclude>
    <ClInclude Include="..\Pattern\Reflect.hpp">
      <Filter>pattern</Filter>
    </ClInclude>
    <ClInclude Include="..\Pattern\Singleton.hpp">
      <Filter>pattern</Filter>
    </ClInclude>
    <ClInclude Include="..\Text\StringBuilder.hpp">
      <Filter>text</Filter>
    </ClInclude>
    <ClInclude Include="..\Text\Helper\StringBuilderHelper.hpp">
      <Filter>text\Helper</Filter>
    </ClInclude>
    <ClInclude Include="..\Data\Memory.hpp">
      <Filter>data</Filter>
    </ClInclude>
  </ItemGroup>
</Project>